{
  "name": "pawly",
  "lockfileVersion": 2,
  "requires": true,
  "packages": {
    "": {
      "dependencies": {
        "emoji-picker-react": "^3.4.4"
      }
    },
    "node_modules/emoji-picker-react": {
      "version": "3.4.4",
      "resolved": "https://registry.npmjs.org/emoji-picker-react/-/emoji-picker-react-3.4.4.tgz",
      "integrity": "sha512-j5atTz5Uawt926Bc37MG5S0MwfIa9Gh4CVDGhnMSBhKZkDmgd5Q0QtQgcv+baLGdByYBsYx1OyQHORc6o8Ce5Q=="
    }
  },
  "dependencies": {
    "emoji-picker-react": {
      "version": "3.4.4",
      "resolved": "https://registry.npmjs.org/emoji-picker-react/-/emoji-picker-react-3.4.4.tgz",
      "integrity": "sha512-j5atTz5Uawt926Bc37MG5S0MwfIa9Gh4CVDGhnMSBhKZkDmgd5Q0QtQgcv+baLGdByYBsYx1OyQHORc6o8Ce5Q=="
    }
  }
}
